
Microsoft Visual Studio Solution File, Format Version 12.00
# Visual Studio Version 16
VisualStudioVersion = 25.0.1706.14
MinimumVisualStudioVersion = 10.0.40219.1
Project("{FAE04EC0-301F-11D3-BF4B-00C04F79EFBC}") = "String Assignment", "String Assignment\String Assignment.csproj", "{877DAFD3-0800-45E1-84FC-4E6095B572BF}"
EndProject
Global
	GlobalSection(SolutionConfigurationPlatforms) = preSolution
		Debug|Any CPU = Debug|Any CPU
		Release|Any CPU = Release|Any CPU
	EndGlobalSection
	GlobalSection(ProjectConfigurationPlatforms) = postSolution
		{877DAFD3-0800-45E1-84FC-4E6095B572BF}.Debug|Any CPU.ActiveCfg = Debug|Any CPU
		{877DAFD3-0800-45E1-84FC-4E6095B572BF}.Debug|Any CPU.Build.0 = Debug|Any CPU
		{877DAFD3-0800-45E1-84FC-4E6095B572BF}.Release|Any CPU.ActiveCfg = Release|Any CPU
		{877DAFD3-0800-45E1-84FC-4E6095B572BF}.Release|Any CPU.Build.0 = Release|Any CPU
	EndGlobalSection
	GlobalSection(SolutionProperties) = preSolution
		HideSolutionNode = FALSE
	EndGlobalSection
	GlobalSection(ExtensibilityGlobals) = postSolution
		SolutionGuid = {CED8AD58-54CC-4857-A461-7BD9F6D832DF}
	EndGlobalSection
EndGlobal
